hash: 98cab259e6fc7c2e6ef8c2333c406ea7ad6549310f15c5b87c212314fd458240
updated: 2017-06-15T13:45:27.608002686+02:00
imports:
- name: github.com/appc/spec
  version: ba99d6b8ccbbed2942e53eb5395fddae113cdf8e
  subpackages:
  - schema
  - schema/common
  - schema/types
  - schema/types/resource
- name: github.com/coreos/go-semver
  version: 294930c1e79c64e7dbe360054274fdad492c8cf5
  subpackages:
  - semver
- name: github.com/fsnotify/fsnotify
  version: 4da3e2cfbabc9f751898f250b49f2439785783a1
- name: github.com/ghodss/yaml
  version: 0ca9ea5df5451ffdf184b4428c902747c2c11cd7
- name: github.com/hashicorp/hcl
  version: 392dba7d905ed5d04a5794ba89f558b27e2ba1ca
  subpackages:
  - hcl/ast
  - hcl/parser
  - hcl/scanner
  - hcl/strconv
  - hcl/token
  - json/parser
  - json/scanner
  - json/token
- name: github.com/inconshreveable/mousetrap
  version: 76626ae9c91c4f2a10f34cad8ce83ea42c93bb75
- name: github.com/magiconair/properties
  version: 51463bfca2576e06c62a8504b5c0f06d61312647
- name: github.com/mitchellh/mapstructure
  version: d0303fe809921458f417bcf828397a65db30a7e4
- name: github.com/pelletier/go-buffruneio
  version: c37440a7cf42ac63b919c752ca73a85067e05992
- name: github.com/pelletier/go-toml
  version: fe7536c3dee2596cdd23ee9976a17c22bdaae286
- name: github.com/spf13/afero
  version: 9be650865eab0c12963d8753212f4f9c66cdcf12
  subpackages:
  - mem
- name: github.com/spf13/cast
  version: acbeb36b902d72a7a4c18e8f3241075e7ab763e4
- name: github.com/spf13/cobra
  version: 4c05eb1145f16d0e6bb4a3e1b6d769f4713cb41f
- name: github.com/spf13/jwalterweatherman
  version: 0efa5202c04663c757d84f90f5219c1250baf94f
- name: github.com/spf13/pflag
  version: 08b1a584251b5b62f458943640fc8ebd4d50aaa5
- name: github.com/spf13/viper
  version: a1ecfa6a20bd4ef9e9caded262ee1b1b26847675
- name: go4.org
  version: 03efcb870d84809319ea509714dd6d19a1498483
  subpackages:
  - errorutil
- name: golang.org/x/sys
  version: b44883b474ffefa37335017174e397412b633a4f
  subpackages:
  - unix
- name: golang.org/x/text
  version: 06d6eba81293389cafdff7fca90d75592194b2d9
  subpackages:
  - transform
  - unicode/norm
- name: gopkg.in/inf.v0
  version: 3887ee99ecf07df5b447e9b00d9c0b2adaa9f3e4
- name: gopkg.in/yaml.v2
  version: a5b47d31c556af34a302ce5d659e6fea44d90de0
testImports: []
